
Microsoft Visual Studio Solution File, Format Version 12.00
# Visual Studio Version 17
VisualStudioVersion = 17.0.31903.59
MinimumVisualStudioVersion = 10.0.40219.1
Project("{FAE04EC0-301F-11D3-BF4B-00C04F79EFBC}") = "Plainly.Api", "Plainly.Api\Plainly.Api.csproj", "{BD0F6762-351D-4661-AF84-1283DB42050B}"
EndProject
Project("{FAE04EC0-301F-11D3-BF4B-00C04F79EFBC}") = "Plainly.Frontend", "Plainly.Frontend\Plainly.Frontend.csproj", "{AA6E29B5-1902-48CE-8041-1ABD5323FE87}"
EndProject
Project("{FAE04EC0-301F-11D3-BF4B-00C04F79EFBC}") = "Plainly.Api.Tests", "Plainly.Api.Tests\Plainly.Api.Tests.csproj", "{A336A89A-6B09-4F7C-987E-8CC02A32BF64}"
EndProject
Project("{FAE04EC0-301F-11D3-BF4B-00C04F79EFBC}") = "Plainly.Shared", "Plainly.Shared\Plainly.Shared.csproj", "{81E073E0-A37B-43AA-BE93-AE9E8693E024}"
EndProject
Global
	GlobalSection(SolutionConfigurationPlatforms) = preSolution
		Debug|Any CPU = Debug|Any CPU
		Debug|x64 = Debug|x64
		Debug|x86 = Debug|x86
		Release|Any CPU = Release|Any CPU
		Release|x64 = Release|x64
		Release|x86 = Release|x86
	EndGlobalSection
	GlobalSection(ProjectConfigurationPlatforms) = postSolution
		{BD0F6762-351D-4661-AF84-1283DB42050B}.Debug|Any CPU.ActiveCfg = Debug|Any CPU
		{BD0F6762-351D-4661-AF84-1283DB42050B}.Debug|Any CPU.Build.0 = Debug|Any CPU
		{BD0F6762-351D-4661-AF84-1283DB42050B}.Debug|x64.ActiveCfg = Debug|Any CPU
		{BD0F6762-351D-4661-AF84-1283DB42050B}.Debug|x64.Build.0 = Debug|Any CPU
		{BD0F6762-351D-4661-AF84-1283DB42050B}.Debug|x86.ActiveCfg = Debug|Any CPU
		{BD0F6762-351D-4661-AF84-1283DB42050B}.Debug|x86.Build.0 = Debug|Any CPU
		{BD0F6762-351D-4661-AF84-1283DB42050B}.Release|Any CPU.ActiveCfg = Release|Any CPU
		{BD0F6762-351D-4661-AF84-1283DB42050B}.Release|Any CPU.Build.0 = Release|Any CPU
		{BD0F6762-351D-4661-AF84-1283DB42050B}.Release|x64.ActiveCfg = Release|Any CPU
		{BD0F6762-351D-4661-AF84-1283DB42050B}.Release|x64.Build.0 = Release|Any CPU
		{BD0F6762-351D-4661-AF84-1283DB42050B}.Release|x86.ActiveCfg = Release|Any CPU
		{BD0F6762-351D-4661-AF84-1283DB42050B}.Release|x86.Build.0 = Release|Any CPU
		{AA6E29B5-1902-48CE-8041-1ABD5323FE87}.Debug|Any CPU.ActiveCfg = Debug|Any CPU
		{AA6E29B5-1902-48CE-8041-1ABD5323FE87}.Debug|Any CPU.Build.0 = Debug|Any CPU
		{AA6E29B5-1902-48CE-8041-1ABD5323FE87}.Debug|x64.ActiveCfg = Debug|Any CPU
		{AA6E29B5-1902-48CE-8041-1ABD5323FE87}.Debug|x64.Build.0 = Debug|Any CPU
		{AA6E29B5-1902-48CE-8041-1ABD5323FE87}.Debug|x86.ActiveCfg = Debug|Any CPU
		{AA6E29B5-1902-48CE-8041-1ABD5323FE87}.Debug|x86.Build.0 = Debug|Any CPU
		{AA6E29B5-1902-48CE-8041-1ABD5323FE87}.Release|Any CPU.ActiveCfg = Release|Any CPU
		{AA6E29B5-1902-48CE-8041-1ABD5323FE87}.Release|Any CPU.Build.0 = Release|Any CPU
		{AA6E29B5-1902-48CE-8041-1ABD5323FE87}.Release|x64.ActiveCfg = Release|Any CPU
		{AA6E29B5-1902-48CE-8041-1ABD5323FE87}.Release|x64.Build.0 = Release|Any CPU
		{AA6E29B5-1902-48CE-8041-1ABD5323FE87}.Release|x86.ActiveCfg = Release|Any CPU
		{AA6E29B5-1902-48CE-8041-1ABD5323FE87}.Release|x86.Build.0 = Release|Any CPU
		{A336A89A-6B09-4F7C-987E-8CC02A32BF64}.Debug|Any CPU.ActiveCfg = Debug|Any CPU
		{A336A89A-6B09-4F7C-987E-8CC02A32BF64}.Debug|Any CPU.Build.0 = Debug|Any CPU
		{A336A89A-6B09-4F7C-987E-8CC02A32BF64}.Debug|x64.ActiveCfg = Debug|Any CPU
		{A336A89A-6B09-4F7C-987E-8CC02A32BF64}.Debug|x64.Build.0 = Debug|Any CPU
		{A336A89A-6B09-4F7C-987E-8CC02A32BF64}.Debug|x86.ActiveCfg = Debug|Any CPU
		{A336A89A-6B09-4F7C-987E-8CC02A32BF64}.Debug|x86.Build.0 = Debug|Any CPU
		{A336A89A-6B09-4F7C-987E-8CC02A32BF64}.Release|Any CPU.ActiveCfg = Release|Any CPU
		{A336A89A-6B09-4F7C-987E-8CC02A32BF64}.Release|Any CPU.Build.0 = Release|Any CPU
		{A336A89A-6B09-4F7C-987E-8CC02A32BF64}.Release|x64.ActiveCfg = Release|Any CPU
		{A336A89A-6B09-4F7C-987E-8CC02A32BF64}.Release|x64.Build.0 = Release|Any CPU
		{A336A89A-6B09-4F7C-987E-8CC02A32BF64}.Release|x86.ActiveCfg = Release|Any CPU
		{A336A89A-6B09-4F7C-987E-8CC02A32BF64}.Release|x86.Build.0 = Release|Any CPU
		{81E073E0-A37B-43AA-BE93-AE9E8693E024}.Debug|Any CPU.ActiveCfg = Debug|Any CPU
		{81E073E0-A37B-43AA-BE93-AE9E8693E024}.Debug|Any CPU.Build.0 = Debug|Any CPU
		{81E073E0-A37B-43AA-BE93-AE9E8693E024}.Debug|x64.ActiveCfg = Debug|Any CPU
		{81E073E0-A37B-43AA-BE93-AE9E8693E024}.Debug|x64.Build.0 = Debug|Any CPU
		{81E073E0-A37B-43AA-BE93-AE9E8693E024}.Debug|x86.ActiveCfg = Debug|Any CPU
		{81E073E0-A37B-43AA-BE93-AE9E8693E024}.Debug|x86.Build.0 = Debug|Any CPU
		{81E073E0-A37B-43AA-BE93-AE9E8693E024}.Release|Any CPU.ActiveCfg = Release|Any CPU
		{81E073E0-A37B-43AA-BE93-AE9E8693E024}.Release|Any CPU.Build.0 = Release|Any CPU
		{81E073E0-A37B-43AA-BE93-AE9E8693E024}.Release|x64.ActiveCfg = Release|Any CPU
		{81E073E0-A37B-43AA-BE93-AE9E8693E024}.Release|x64.Build.0 = Release|Any CPU
		{81E073E0-A37B-43AA-BE93-AE9E8693E024}.Release|x86.ActiveCfg = Release|Any CPU
		{81E073E0-A37B-43AA-BE93-AE9E8693E024}.Release|x86.Build.0 = Release|Any CPU
	EndGlobalSection
	GlobalSection(SolutionProperties) = preSolution
		HideSolutionNode = FALSE
	EndGlobalSection
EndGlobal
